// !$*UTF8*$!
{
	archiveVersion = 1;
	classes = {
	};
	objectVersion = 55;
	objects = {

/* Begin PBXBuildFile section */
		878FF88E28900DFD00FA9C81 /* Tests_iOS.swift in Sources */ = {isa = PBXBuildFile; fileRef = 878FF88D28900DFD00FA9C81 /* Tests_iOS.swift */; };
		878FF89028900DFD00FA9C81 /* Tests_iOSLaunchTests.swift in Sources */ = {isa = PBXBuildFile; fileRef = 878FF88F28900DFD00FA9C81 /* Tests_iOSLaunchTests.swift */; };
		878FF89A28900DFD00FA9C81 /* Tests_macOS.swift in Sources */ = {isa = PBXBuildFile; fileRef = 878FF89928900DFD00FA9C81 /* Tests_macOS.swift */; };
		878FF89C28900DFD00FA9C81 /* Tests_macOSLaunchTests.swift in Sources */ = {isa = PBXBuildFile; fileRef = 878FF89B28900DFD00FA9C81 /* Tests_macOSLaunchTests.swift */; };
		878FF89D28900DFD00FA9C81 /* fgerApp.swift in Sources */ = {isa = PBXBuildFile; fileRef = 878FF87528900DFB00FA9C81 /* fgerApp.swift */; };
		878FF89E28900DFD00FA9C81 /* fgerApp.swift in Sources */ = {isa = PBXBuildFile; fileRef = 878FF87528900DFB00FA9C81 /* fgerApp.swift */; };
		878FF89F28900DFD00FA9C81 /* ContentView.swift in Sources */ = {isa = PBXBuildFile; fileRef = 878FF87628900DFB00FA9C81 /* ContentView.swift */; };
		878FF8A028900DFD00FA9C81 /* ContentView.swift in Sources */ = {isa = PBXBuildFile; fileRef = 878FF87628900DFB00FA9C81 /* ContentView.swift */; };
		878FF8A128900DFD00FA9C81 /* Assets.xcassets in Resources */ = {isa = PBXBuildFile; fileRef = 878FF87728900DFD00FA9C81 /* Assets.xcassets */; };
		878FF8A228900DFD00FA9C81 /* Assets.xcassets in Resources */ = {isa = PBXBuildFile; fileRef = 878FF87728900DFD00FA9C81 /* Assets.xcassets */; };
/* End PBXBuildFile section */

/* Begin PBXContainerItemProxy section */
		878FF88A28900DFD00FA9C81 /* PBXContainerItemProxy */ = {
			isa = PBXContainerItemProxy;
			containerPortal = 878FF87028900DFB00FA9C81 /* Project object */;
			proxyType = 1;
			remoteGlobalIDString = 878FF87B28900DFD00FA9C81;
			remoteInfo = "fger (iOS)";
		};
		878FF89628900DFD00FA9C81 /* PBXContainerItemProxy */ = {
			isa = PBXContainerItemProxy;
			containerPortal = 878FF87028900DFB00FA9C81 /* Project object */;
			proxyType = 1;
			remoteGlobalIDString = 878FF88128900DFD00FA9C81;
			remoteInfo = "fger (macOS)";
		};
/* End PBXContainerItemProxy section */

/* Begin PBXFileReference section */
		878FF87528900DFB00FA9C81 /* fgerApp.swift */ = {isa = PBXFileReference; lastKnownFileType = sourcecode.swift; path = fgerApp.swift; sourceTree = "<group>"; };
		878FF87628900DFB00FA9C81 /* ContentView.swift */ = {isa = PBXFileReference; lastKnownFileType = sourcecode.swift; path = ContentView.swift; sourceTree = "<group>"; };
		878FF87728900DFD00FA9C81 /* Assets.xcassets */ = {isa = PBXFileReference; lastKnownFileType = folder.assetcatalog; path = Assets.xcassets; sourceTree = "<group>"; };
		878FF87C28900DFD00FA9C81 /* fger.app */ = {isa = PBXFileReference; explicitFileType = wrapper.application; includeInIndex = 0; path = fger.app; sourceTree = BUILT_PRODUCTS_DIR; };
		878FF88228900DFD00FA9C81 /* fger.app */ = {isa = PBXFileReference; explicitFileType = wrapper.application; includeInIndex = 0; path = fger.app; sourceTree = BUILT_PRODUCTS_DIR; };
		878FF88428900DFD00FA9C81 /* macOS.entitlements */ = {isa = PBXFileReference; lastKnownFileType = text.plist.entitlements; path = macOS.entitlements; sourceTree = "<group>"; };
		878FF88928900DFD00FA9C81 /* Tests iOS.xctest */ = {isa = PBXFileReference; explicitFileType = wrapper.cfbundle; includeInIndex = 0; path = "Tests iOS.xctest"; sourceTree = BUILT_PRODUCTS_DIR; };
		878FF88D28900DFD00FA9C81 /* Tests_iOS.swift */ = {isa = PBXFileReference; lastKnownFileType = sourcecode.swift; path = Tests_iOS.swift; sourceTree = "<group>"; };
		878FF88F28900DFD00FA9C81 /* Tests_iOSLaunchTests.swift */ = {isa = PBXFileReference; lastKnownFileType = sourcecode.swift; path = Tests_iOSLaunchTests.swift; sourceTree = "<group>"; };
		878FF89528900DFD00FA9C81 /* Tests macOS.xctest */ = {isa = PBXFileReference; explicitFileType = wrapper.cfbundle; includeInIndex = 0; path = "Tests macOS.xctest"; sourceTree = BUILT_PRODUCTS_DIR; };
		878FF89928900DFD00FA9C81 /* Tests_macOS.swift */ = {isa = PBXFileReference; lastKnownFileType = sourcecode.swift; path = Tests_macOS.swift; sourceTree = "<group>"; };
		878FF89B28900DFD00FA9C81 /* Tests_macOSLaunchTests.swift */ = {isa = PBXFileReference; lastKnownFileType = sourcecode.swift; path = Tests_macOSLaunchTests.swift; sourceTree = "<group>"; };
/* End PBXFileReference section */

/* Begin PBXFrameworksBuildPhase section */
		878FF87928900DFD00FA9C81 /* Frameworks */ = {
			isa = PBXFrameworksBuildPhase;
			buildActionMask = 2147483647;
			files = (
			);
			runOnlyForDeploymentPostprocessing = 0;
		};
		878FF87F28900DFD00FA9C81 /* Frameworks */ = {
			isa = PBXFrameworksBuildPhase;
			buildActionMask = 2147483647;
			files = (
			);
			runOnlyForDeploymentPostprocessing = 0;
		};
		878FF88628900DFD00FA9C81 /* Frameworks */ = {
			isa = PBXFrameworksBuildPhase;
			buildActionMask = 2147483647;
			files = (
			);
			runOnlyForDeploymentPostprocessing = 0;
		};
		878FF89228900DFD00FA9C81 /* Frameworks */ = {
			isa = PBXFrameworksBuildPhase;
			buildActionMask = 2147483647;
			files = (
			);
			runOnlyForDeploymentPostprocessing = 0;
		};
/* End PBXFrameworksBuildPhase section */

/* Begin PBXGroup section */
		878FF86F28900DFB00FA9C81 = {
			isa = PBXGroup;
			children = (
				878FF87428900DFB00FA9C81 /* Shared */,
				878FF88328900DFD00FA9C81 /* macOS */,
				878FF88C28900DFD00FA9C81 /* Tests iOS */,
				878FF89828900DFD00FA9C81 /* Tests macOS */,
				878FF87D28900DFD00FA9C81 /* Products */,
			);
			sourceTree = "<group>";
		};
		878FF87428900DFB00FA9C81 /* Shared */ = {
			isa = PBXGroup;
			children = (
				878FF87528900DFB00FA9C81 /* fgerApp.swift */,
				878FF87628900DFB00FA9C81 /* ContentView.swift */,
				878FF87728900DFD00FA9C81 /* Assets.xcassets */,
			);
			path = Shared;
			sourceTree = "<group>";
		};
		878FF87D28900DFD00FA9C81 /* Products */ = {
			isa = PBXGroup;
			children = (
				878FF87C28900DFD00FA9C81 /* fger.app */,
				878FF88228900DFD00FA9C81 /* fger.app */,
				878FF88928900DFD00FA9C81 /* Tests iOS.xctest */,
				878FF89528900DFD00FA9C81 /* Tests macOS.xctest */,
			);
			name = Products;
			sourceTree = "<group>";
		};
		878FF88328900DFD00FA9C81 /* macOS */ = {
			isa = PBXGroup;
			children = (
				878FF88428900DFD00FA9C81 /* macOS.entitlements */,
			);
			path = macOS;
			sourceTree = "<group>";
		};
		878FF88C28900DFD00FA9C81 /* Tests iOS */ = {
			isa = PBXGroup;
			children = (
				878FF88D28900DFD00FA9C81 /* Tests_iOS.swift */,
				878FF88F28900DFD00FA9C81 /* Tests_iOSLaunchTests.swift */,
			);
			path = "Tests iOS";
			sourceTree = "<group>";
		};
		878FF89828900DFD00FA9C81 /* Tests macOS */ = {
			isa = PBXGroup;
			children = (
				878FF89928900DFD00FA9C81 /* Tests_macOS.swift */,
				878FF89B28900DFD00FA9C81 /* Tests_macOSLaunchTests.swift */,
			);
			path = "Tests macOS";
			sourceTree = "<group>";
		};
/* End PBXGroup section */

/* Begin PBXNativeTarget section */
		878FF87B28900DFD00FA9C81 /* fger (iOS) */ = {
			isa = PBXNativeTarget;
			buildConfigurationList = 878FF8A528900DFD00FA9C81 /* Build configuration list for PBXNativeTarget "fger (iOS)" */;
			buildPhases = (
				878FF87828900DFD00FA9C81 /* Sources */,
				878FF87928900DFD00FA9C81 /* Frameworks */,
				878FF87A28900DFD00FA9C81 /* Resources */,
			);
			buildRules = (
			);
			dependencies = (
			);
			name = "fger (iOS)";
			productName = "fger (iOS)";
			productReference = 878FF87C28900DFD00FA9C81 /* fger.app */;
			productType = "com.apple.product-type.application";
		};
		878FF88128900DFD00FA9C81 /* fger (macOS) */ = {
			isa = PBXNativeTarget;
			buildConfigurationList = 878FF8A828900DFD00FA9C81 /* Build configuration list for PBXNativeTarget "fger (macOS)" */;
			buildPhases = (
				878FF87E28900DFD00FA9C81 /* Sources */,
				878FF87F28900DFD00FA9C81 /* Frameworks */,
				878FF88028900DFD00FA9C81 /* Resources */,
			);
			buildRules = (
			);
			dependencies = (
			);
			name = "fger (macOS)";
			productName = "fger (macOS)";
			productReference = 878FF88228900DFD00FA9C81 /* fger.app */;
			productType = "com.apple.product-type.application";
		};
		878FF88828900DFD00FA9C81 /* Tests iOS */ = {
			isa = PBXNativeTarget;
			buildConfigurationList = 878FF8AB28900DFD00FA9C81 /* Build configuration list for PBXNativeTarget "Tests iOS" */;
			buildPhases = (
				878FF88528900DFD00FA9C81 /* Sources */,
				878FF88628900DFD00FA9C81 /* Frameworks */,
				878FF88728900DFD00FA9C81 /* Resources */,
			);
			buildRules = (
			);
			dependencies = (
				878FF88B28900DFD00FA9C81 /* PBXTargetDependency */,
			);
			name = "Tests iOS";
			productName = "Tests iOS";
			productReference = 878FF88928900DFD00FA9C81 /* Tests iOS.xctest */;
			productType = "com.apple.product-type.bundle.ui-testing";
		};
		878FF89428900DFD00FA9C81 /* Tests macOS */ = {
			isa = PBXNativeTarget;
			buildConfigurationList = 878FF8AE28900DFD00FA9C81 /* Build configuration list for PBXNativeTarget "Tests macOS" */;
			buildPhases = (
				878FF89128900DFD00FA9C81 /* Sources */,
				878FF89228900DFD00FA9C81 /* Frameworks */,
				878FF89328900DFD00FA9C81 /* Resources */,
			);
			buildRules = (
			);
			dependencies = (
				878FF89728900DFD00FA9C81 /* PBXTargetDependency */,
			);
			name = "Tests macOS";
			productName = "Tests macOS";
			productReference = 878FF89528900DFD00FA9C81 /* Tests macOS.xctest */;
			productType = "com.apple.product-type.bundle.ui-testing";
		};
/* End PBXNativeTarget section */

/* Begin PBXProject section */
		878FF87028900DFB00FA9C81 /* Project object */ = {
			isa = PBXProject;
			attributes = {
				BuildIndependentTargetsInParallel = 1;
				LastSwiftUpdateCheck = 1340;
				LastUpgradeCheck = 1340;
				TargetAttributes = {
					878FF87B28900DFD00FA9C81 = {
						CreatedOnToolsVersion = 13.4.1;
					};
					878FF88128900DFD00FA9C81 = {
						CreatedOnToolsVersion = 13.4.1;
					};
					878FF88828900DFD00FA9C81 = {
						CreatedOnToolsVersion = 13.4.1;
						TestTargetID = 878FF87B28900DFD00FA9C81;
					};
					878FF89428900DFD00FA9C81 = {
						CreatedOnToolsVersion = 13.4.1;
						TestTargetID = 878FF88128900DFD00FA9C81;
					};
				};
			};
			buildConfigurationList = 878FF87328900DFB00FA9C81 /* Build configuration list for PBXProject "fger" */;
			compatibilityVersion = "Xcode 13.0";
			developmentRegion = en;
			hasScannedForEncodings = 0;
			knownRegions = (
				en,
				Base,
			);
			mainGroup = 878FF86F28900DFB00FA9C81;
			productRefGroup = 878FF87D28900DFD00FA9C81 /* Products */;
			projectDirPath = "";
			projectRoot = "";
			targets = (
				878FF87B28900DFD00FA9C81 /* fger (iOS) */,
				878FF88128900DFD00FA9C81 /* fger (macOS) */,
				878FF88828900DFD00FA9C81 /* Tests iOS */,
				878FF89428900DFD00FA9C81 /* Tests macOS */,
			);
		};
/* End PBXProject section */

/* Begin PBXResourcesBuildPhase section */
		878FF87A28900DFD00FA9C81 /* Resources */ = {
			isa = PBXResourcesBuildPhase;
			buildActionMask = 2147483647;
			files = (
				878FF8A128900DFD00FA9C81 /* Assets.xcassets in Resources */,
			);
			runOnlyForDeploymentPostprocessing = 0;
		};
		878FF88028900DFD00FA9C81 /* Resources */ = {
			isa = PBXResourcesBuildPhase;
			buildActionMask = 2147483647;
			files = (
				878FF8A228900DFD00FA9C81 /* Assets.xcassets in Resources */,
			);
			runOnlyForDeploymentPostprocessing = 0;
		};
		878FF88728900DFD00FA9C81 /* Resources */ = {
			isa = PBXResourcesBuildPhase;
			buildActionMask = 2147483647;
			files = (
			);
			runOnlyForDeploymentPostprocessing = 0;
		};
		878FF89328900DFD00FA9C81 /* Resources */ = {
			isa = PBXResourcesBuildPhase;
			buildActionMask = 2147483647;
			files = (
			);
			runOnlyForDeploymentPostprocessing = 0;
		};
/* End PBXResourcesBuildPhase section */

/* Begin PBXSourcesBuildPhase section */
		878FF87828900DFD00FA9C81 /* Sources */ = {
			isa = PBXSourcesBuildPhase;
			buildActionMask = 2147483647;
			files = (
				878FF89F28900DFD00FA9C81 /* ContentView.swift in Sources */,
				878FF89D28900DFD00FA9C81 /* fgerApp.swift in Sources */,
			);
			runOnlyForDeploymentPostprocessing = 0;
		};
		878FF87E28900DFD00FA9C81 /* Sources */ = {
			isa = PBXSourcesBuildPhase;
			buildActionMask = 2147483647;
			files = (
				878FF8A028900DFD00FA9C81 /* ContentView.swift in Sources */,
				878FF89E28900DFD00FA9C81 /* fgerApp.swift in Sources */,
			);
			runOnlyForDeploymentPostprocessing = 0;
		};
		878FF88528900DFD00FA9C81 /* Sources */ = {
			isa = PBXSourcesBuildPhase;
			buildActionMask = 2147483647;
			files = (
				878FF89028900DFD00FA9C81 /* Tests_iOSLaunchTests.swift in Sources */,
				878FF88E28900DFD00FA9C81 /* Tests_iOS.swift in Sources */,
			);
			runOnlyForDeploymentPostprocessing = 0;
		};
		878FF89128900DFD00FA9C81 /* Sources */ = {
			isa = PBXSourcesBuildPhase;
			buildActionMask = 2147483647;
			files = (
				878FF89C28900DFD00FA9C81 /* Tests_macOSLaunchTests.swift in Sources */,
				878FF89A28900DFD00FA9C81 /* Tests_macOS.swift in Sources */,
			);
			runOnlyForDeploymentPostprocessing = 0;
		};
/* End PBXSourcesBuildPhase section */

/* Begin PBXTargetDependency section */
		878FF88B28900DFD00FA9C81 /* PBXTargetDependency */ = {
			isa = PBXTargetDependency;
			target = 878FF87B28900DFD00FA9C81 /* fger (iOS) */;
			targetProxy = 878FF88A28900DFD00FA9C81 /* PBXContainerItemProxy */;
		};
		878FF89728900DFD00FA9C81 /* PBXTargetDependency */ = {
			isa = PBXTargetDependency;
			target = 878FF88128900DFD00FA9C81 /* fger (macOS) */;
			targetProxy = 878FF89628900DFD00FA9C81 /* PBXContainerItemProxy */;
		};
/* End PBXTargetDependency section */

/* Begin XCBuildConfiguration section */
		878FF8A328900DFD00FA9C81 /* Debug */ = {
			isa = XCBuildConfiguration;
			buildSettings = {
				ALWAYS_SEARCH_USER_PATHS = NO;
				CLANG_ANALYZER_NONNULL = YES;
				CLANG_ANALYZER_NUMBER_OBJECT_CONVERSION = YES_AGGRESSIVE;
				CLANG_CXX_LANGUAGE_STANDARD = "gnu++17";
				CLANG_ENABLE_MODULES = YES;
				CLANG_ENABLE_OBJC_ARC = YES;
				CLANG_ENABLE_OBJC_WEAK = YES;
				CLANG_WARN_BLOCK_CAPTURE_AUTORELEASING = YES;
				CLANG_WARN_BOOL_CONVERSION = YES;
				CLANG_WARN_COMMA = YES;
				CLANG_WARN_CONSTANT_CONVERSION = YES;
				CLANG_WARN_DEPRECATED_OBJC_IMPLEMENTATIONS = YES;
				CLANG_WARN_DIRECT_OBJC_ISA_USAGE = YES_ERROR;
				CLANG_WARN_DOCUMENTATION_COMMENTS = YES;
				CLANG_WARN_EMPTY_BODY = YES;
				CLANG_WARN_ENUM_CONVERSION = YES;
				CLANG_WARN_INFINITE_RECURSION = YES;
				CLANG_WARN_INT_CONVERSION = YES;
				CLANG_WARN_NON_LITERAL_NULL_CONVERSION = YES;
				CLANG_WARN_OBJC_IMPLICIT_RETAIN_SELF = YES;
				CLANG_WARN_OBJC_LITERAL_CONVERSION = YES;
				CLANG_WARN_OBJC_ROOT_CLASS = YES_ERROR;
				CLANG_WARN_QUOTED_INCLUDE_IN_FRAMEWORK_HEADER = YES;
				CLANG_WARN_RANGE_LOOP_ANALYSIS = YES;
				CLANG_WARN_STRICT_PROTOTYPES = YES;
				CLANG_WARN_SUSPICIOUS_MOVE = YES;
				CLANG_WARN_UNGUARDED_AVAILABILITY = YES_AGGRESSIVE;
				CLANG_WARN_UNREACHABLE_CODE = YES;
				CLANG_WARN__DUPLICATE_METHOD_MATCH = YES;
				COPY_PHASE_STRIP = NO;
				DEBUG_INFORMATION_FORMAT = dwarf;
				ENABLE_STRICT_OBJC_MSGSEND = YES;
				ENABLE_TESTABILITY = YES;
				GCC_C_LANGUAGE_STANDARD = gnu11;
				GCC_DYNAMIC_NO_PIC = NO;
				GCC_NO_COMMON_BLOCKS = YES;
				GCC_OPTIMIZATION_LEVEL = 0;
				GCC_PREPROCESSOR_DEFINITIONS = (
					"DEBUG=1",
					"$(inherited)",
				);
				GCC_WARN_64_TO_32_BIT_CONVERSION = YES;
				GCC_WARN_ABOUT_RETURN_TYPE = YES_ERROR;
				GCC_WARN_UNDECLARED_SELECTOR = YES;
				GCC_WARN_UNINITIALIZED_AUTOS = YES_AGGRESSIVE;
				GCC_WARN_UNUSED_FUNCTION = YES;
				GCC_WARN_UNUSED_VARIABLE = YES;
				MTL_ENABLE_DEBUG_INFO = INCLUDE_SOURCE;
				MTL_FAST_MATH = YES;
				ONLY_ACTIVE_ARCH = YES;
				SWIFT_ACTIVE_COMPILATION_CONDITIONS = DEBUG;
				SWIFT_OPTIMIZATION_LEVEL = "-Onone";
			};
			name = Debug;
		};
		878FF8A428900DFD00FA9C81 /* Release */ = {
			isa = XCBuildConfiguration;
			buildSettings = {
				ALWAYS_SEARCH_USER_PATHS = NO;
				CLANG_ANALYZER_NONNULL = YES;
				CLANG_ANALYZER_NUMBER_OBJECT_CONVERSION = YES_AGGRESSIVE;
				CLANG_CXX_LANGUAGE_STANDARD = "gnu++17";
				CLANG_ENABLE_MODULES = YES;
				CLANG_ENABLE_OBJC_ARC = YES;
				CLANG_ENABLE_OBJC_WEAK = YES;
				CLANG_WARN_BLOCK_CAPTURE_AUTORELEASING = YES;
				CLANG_WARN_BOOL_CONVERSION = YES;
				CLANG_WARN_COMMA = YES;
				CLANG_WARN_CONSTANT_CONVERSION = YES;
				CLANG_WARN_DEPRECATED_OBJC_IMPLEMENTATIONS = YES;
				CLANG_WARN_DIRECT_OBJC_ISA_USAGE = YES_ERROR;
				CLANG_WARN_DOCUMENTATION_COMMENTS = YES;
				CLANG_WARN_EMPTY_BODY = YES;
				CLANG_WARN_ENUM_CONVERSION = YES;
				CLANG_WARN_INFINITE_RECURSION = YES;
				CLANG_WARN_INT_CONVERSION = YES;
				CLANG_WARN_NON_LITERAL_NULL_CONVERSION = YES;
				CLANG_WARN_OBJC_IMPLICIT_RETAIN_SELF = YES;
				CLANG_WARN_OBJC_LITERAL_CONVERSION = YES;
				CLANG_WARN_OBJC_ROOT_CLASS = YES_ERROR;
				CLANG_WARN_QUOTED_INCLUDE_IN_FRAMEWORK_HEADER = YES;
				CLANG_WARN_RANGE_LOOP_ANALYSIS = YES;
				CLANG_WARN_STRICT_PROTOTYPES = YES;
				CLANG_WARN_SUSPICIOUS_MOVE = YES;
				CLANG_WARN_UNGUARDED_AVAILABILITY = YES_AGGRESSIVE;
				CLANG_WARN_UNREACHABLE_CODE = YES;
				CLANG_WARN__DUPLICATE_METHOD_MATCH = YES;
				COPY_PHASE_STRIP = NO;
				DEBUG_INFORMATION_FORMAT = "dwarf-with-dsym";
				ENABLE_NS_ASSERTIONS = NO;
				ENABLE_STRICT_OBJC_MSGSEND = YES;
				GCC_C_LANGUAGE_STANDARD = gnu11;
				GCC_NO_COMMON_BLOCKS = YES;
				GCC_WARN_64_TO_32_BIT_CONVERSION = YES;
				GCC_WARN_ABOUT_RETURN_TYPE = YES_ERROR;
				GCC_WARN_UNDECLARED_SELECTOR = YES;
				GCC_WARN_UNINITIALIZED_AUTOS = YES_AGGRESSIVE;
				GCC_WARN_UNUSED_FUNCTION = YES;
				GCC_WARN_UNUSED_VARIABLE = YES;
				MTL_ENABLE_DEBUG_INFO = NO;
				MTL_FAST_MATH = YES;
				SWIFT_COMPILATION_MODE = wholemodule;
				SWIFT_OPTIMIZATION_LEVEL = "-O";
			};
			name = Release;
		};
		878FF8A628900DFD00FA9C81 /* Debug */ = {
			isa = XCBuildConfiguration;
			buildSettings = {
				ASSETCATALOG_COMPILER_APPICON_NAME = AppIcon;
				ASSETCATALOG_COMPILER_GLOBAL_ACCENT_COLOR_NAME = AccentColor;
				CODE_SIGN_STYLE = Automatic;
				CURRENT_PROJECT_VERSION = 1;
				ENABLE_PREVIEWS = YES;
				GENERATE_INFOPLIST_FILE = YES;
				INFOPLIST_KEY_UIApplicationSceneManifest_Generation = YES;
				INFOPLIST_KEY_UIApplicationSupportsIndirectInputEvents = YES;
				INFOPLIST_KEY_UILaunchScreen_Generation = YES;
				INFOPLIST_KEY_UISupportedInterfaceOrientations_iPad = "UIInterfaceOrientationPortrait UIInterfaceOrientationPortraitUpsideDown UIInterfaceOrientationLandscapeLeft UIInterfaceOrientationLandscapeRight";
				INFOPLIST_KEY_UISupportedInterfaceOrientations_iPhone = "UIInterfaceOrientationPortrait UIInterfaceOrientationLandscapeLeft UIInterfaceOrientationLandscapeRight";
				IPHONEOS_DEPLOYMENT_TARGET = 15.5;
				LD_RUNPATH_SEARCH_PATHS = (
					"$(inherited)",
					"@executable_path/Frameworks",
				);
				MARKETING_VERSION = 1.0;
				PRODUCT_BUNDLE_IDENTIFIER = Git.fger;
				PRODUCT_NAME = fger;
				SDKROOT = iphoneos;
				SWIFT_EMIT_LOC_STRINGS = YES;
				SWIFT_VERSION = 5.0;
				TARGETED_DEVICE_FAMILY = "1,2";
			};
			name = Debug;
		};
		878FF8A728900DFD00FA9C81 /* Release */ = {
			isa = XCBuildConfiguration;
			buildSettings = {
				ASSETCATALOG_COMPILER_APPICON_NAME = AppIcon;
				ASSETCATALOG_COMPILER_GLOBAL_ACCENT_COLOR_NAME = AccentColor;
				CODE_SIGN_STYLE = Automatic;
				CURRENT_PROJECT_VERSION = 1;
				ENABLE_PREVIEWS = YES;
				GENERATE_INFOPLIST_FILE = YES;
				INFOPLIST_KEY_UIApplicationSceneManifest_Generation = YES;
				INFOPLIST_KEY_UIApplicationSupportsIndirectInputEvents = YES;
				INFOPLIST_KEY_UILaunchScreen_Generation = YES;
				INFOPLIST_KEY_UISupportedInterfaceOrientations_iPad = "UIInterfaceOrientationPortrait UIInterfaceOrientationPortraitUpsideDown UIInterfaceOrientationLandscapeLeft UIInterfaceOrientationLandscapeRight";
				INFOPLIST_KEY_UISupportedInterfaceOrientations_iPhone = "UIInterfaceOrientationPortrait UIInterfaceOrientationLandscapeLeft UIInterfaceOrientationLandscapeRight";
				IPHONEOS_DEPLOYMENT_TARGET = 15.5;
				LD_RUNPATH_SEARCH_PATHS = (
					"$(inherited)",
					"@executable_path/Frameworks",
				);
				MARKETING_VERSION = 1.0;
				PRODUCT_BUNDLE_IDENTIFIER = Git.fger;
				PRODUCT_NAME = fger;
				SDKROOT = iphoneos;
				SWIFT_EMIT_LOC_STRINGS = YES;
				SWIFT_VERSION = 5.0;
				TARGETED_DEVICE_FAMILY = "1,2";
				VALIDATE_PRODUCT = YES;
			};
			name = Release;
		};
		878FF8A928900DFD00FA9C81 /* Debug */ = {
			isa = XCBuildConfiguration;
			buildSettings = {
				ASSETCATALOG_COMPILER_APPICON_NAME = AppIcon;
				ASSETCATALOG_COMPILER_GLOBAL_ACCENT_COLOR_NAME = AccentColor;
				CODE_SIGN_ENTITLEMENTS = macOS/macOS.entitlements;
				CODE_SIGN_STYLE = Automatic;
				COMBINE_HIDPI_IMAGES = YES;
				CURRENT_PROJECT_VERSION = 1;
				ENABLE_PREVIEWS = YES;
				GENERATE_INFOPLIST_FILE = YES;
				INFOPLIST_KEY_NSHumanReadableCopyright = "";
				LD_RUNPATH_SEARCH_PATHS = (
					"$(inherited)",
					"@executable_path/../Frameworks",
				);
				MACOSX_DEPLOYMENT_TARGET = 12.3;
				MARKETING_VERSION = 1.0;
				PRODUCT_BUNDLE_IDENTIFIER = Git.fger;
				PRODUCT_NAME = fger;
				SDKROOT = macosx;
				SWIFT_EMIT_LOC_STRINGS = YES;
				SWIFT_VERSION = 5.0;
			};
			name = Debug;
		};
		878FF8AA28900DFD00FA9C81 /* Release */ = {
			isa = XCBuildConfiguration;
			buildSettings = {
				ASSETCATALOG_COMPILER_APPICON_NAME = AppIcon;
				ASSETCATALOG_COMPILER_GLOBAL_ACCENT_COLOR_NAME = AccentColor;
				CODE_SIGN_ENTITLEMENTS = macOS/macOS.entitlements;
				CODE_SIGN_STYLE = Automatic;
				COMBINE_HIDPI_IMAGES = YES;
				CURRENT_PROJECT_VERSION = 1;
				ENABLE_PREVIEWS = YES;
				GENERATE_INFOPLIST_FILE = YES;
				INFOPLIST_KEY_NSHumanReadableCopyright = "";
				LD_RUNPATH_SEARCH_PATHS = (
					"$(inherited)",
					"@executable_path/../Frameworks",
				);
				MACOSX_DEPLOYMENT_TARGET = 12.3;
				MARKETING_VERSION = 1.0;
				PRODUCT_BUNDLE_IDENTIFIER = Git.fger;
				PRODUCT_NAME = fger;
				SDKROOT = macosx;
				SWIFT_EMIT_LOC_STRINGS = YES;
				SWIFT_VERSION = 5.0;
			};
			name = Release;
		};
		878FF8AC28900DFD00FA9C81 /* Debug */ = {
			isa = XCBuildConfiguration;
			buildSettings = {
				ALWAYS_EMBED_SWIFT_STANDARD_LIBRARIES = YES;
				CODE_SIGN_STYLE = Automatic;
				CURRENT_PROJECT_VERSION = 1;
				GENERATE_INFOPLIST_FILE = YES;
				IPHONEOS_DEPLOYMENT_TARGET = 15.5;
				MARKETING_VERSION = 1.0;
				PRODUCT_BUNDLE_IDENTIFIER = "Git.Tests-iOS";
				PRODUCT_NAME = "$(TARGET_NAME)";
				SDKROOT = iphoneos;
				SWIFT_EMIT_LOC_STRINGS = NO;
				SWIFT_VERSION = 5.0;
				TARGETED_DEVICE_FAMILY = "1,2";
				TEST_TARGET_NAME = "fger (iOS)";
			};
			name = Debug;
		};
		878FF8AD28900DFD00FA9C81 /* Release */ = {
			isa = XCBuildConfiguration;
			buildSettings = {
				ALWAYS_EMBED_SWIFT_STANDARD_LIBRARIES = YES;
				CODE_SIGN_STYLE = Automatic;
				CURRENT_PROJECT_VERSION = 1;
				GENERATE_INFOPLIST_FILE = YES;
				IPHONEOS_DEPLOYMENT_TARGET = 15.5;
				MARKETING_VERSION = 1.0;
				PRODUCT_BUNDLE_IDENTIFIER = "Git.Tests-iOS";
				PRODUCT_NAME = "$(TARGET_NAME)";
				SDKROOT = iphoneos;
				SWIFT_EMIT_LOC_STRINGS = NO;
				SWIFT_VERSION = 5.0;
				TARGETED_DEVICE_FAMILY = "1,2";
				TEST_TARGET_NAME = "fger (iOS)";
				VALIDATE_PRODUCT = YES;
			};
			name = Release;
		};
		878FF8AF28900DFD00FA9C81 /* Debug */ = {
			isa = XCBuildConfiguration;
			buildSettings = {
				ALWAYS_EMBED_SWIFT_STANDARD_LIBRARIES = YES;
				CODE_SIGN_STYLE = Automatic;
				CURRENT_PROJECT_VERSION = 1;
				GENERATE_INFOPLIST_FILE = YES;
				MACOSX_DEPLOYMENT_TARGET = 12.3;
				MARKETING_VERSION = 1.0;
				PRODUCT_BUNDLE_IDENTIFIER = "Git.Tests-macOS";
				PRODUCT_NAME = "$(TARGET_NAME)";
				SDKROOT = macosx;
				SWIFT_EMIT_LOC_STRINGS = NO;
				SWIFT_VERSION = 5.0;
				TEST_TARGET_NAME = "fger (macOS)";
			};
			name = Debug;
		};
		878FF8B028900DFD00FA9C81 /* Release */ = {
			isa = XCBuildConfiguration;
			buildSettings = {
				ALWAYS_EMBED_SWIFT_STANDARD_LIBRARIES = YES;
				CODE_SIGN_STYLE = Automatic;
				CURRENT_PROJECT_VERSION = 1;
				GENERATE_INFOPLIST_FILE = YES;
				MACOSX_DEPLOYMENT_TARGET = 12.3;
				MARKETING_VERSION = 1.0;
				PRODUCT_BUNDLE_IDENTIFIER = "Git.Tests-macOS";
				PRODUCT_NAME = "$(TARGET_NAME)";
				SDKROOT = macosx;
				SWIFT_EMIT_LOC_STRINGS = NO;
				SWIFT_VERSION = 5.0;
				TEST_TARGET_NAME = "fger (macOS)";
			};
			name = Release;
		};
/* End XCBuildConfiguration section */

/* Begin XCConfigurationList section */
		878FF87328900DFB00FA9C81 /* Build configuration list for PBXProject "fger" */ = {
			isa = XCConfigurationList;
			buildConfigurations = (
				878FF8A328900DFD00FA9C81 /* Debug */,
				878FF8A428900DFD00FA9C81 /* Release */,
			);
			defaultConfigurationIsVisible = 0;
			defaultConfigurationName = Release;
		};
		878FF8A528900DFD00FA9C81 /* Build configuration list for PBXNativeTarget "fger (iOS)" */ = {
			isa = XCConfigurationList;
			buildConfigurations = (
				878FF8A628900DFD00FA9C81 /* Debug */,
				878FF8A728900DFD00FA9C81 /* Release */,
			);
			defaultConfigurationIsVisible = 0;
			defaultConfigurationName = Release;
		};
		878FF8A828900DFD00FA9C81 /* Build configuration list for PBXNativeTarget "fger (macOS)" */ = {
			isa = XCConfigurationList;
			buildConfigurations = (
				878FF8A928900DFD00FA9C81 /* Debug */,
				878FF8AA28900DFD00FA9C81 /* Release */,
			);
			defaultConfigurationIsVisible = 0;
			defaultConfigurationName = Release;
		};
		878FF8AB28900DFD00FA9C81 /* Build configuration list for PBXNativeTarget "Tests iOS" */ = {
			isa = XCConfigurationList;
			buildConfigurations = (
				878FF8AC28900DFD00FA9C81 /* Debug */,
				878FF8AD28900DFD00FA9C81 /* Release */,
			);
			defaultConfigurationIsVisible = 0;
			defaultConfigurationName = Release;
		};
		878FF8AE28900DFD00FA9C81 /* Build configuration list for PBXNativeTarget "Tests macOS" */ = {
			isa = XCConfigurationList;
			buildConfigurations = (
				878FF8AF28900DFD00FA9C81 /* Debug */,
				878FF8B028900DFD00FA9C81 /* Release */,
			);
			defaultConfigurationIsVisible = 0;
			defaultConfigurationName = Release;
		};
/* End XCConfigurationList section */
	};
	rootObject = 878FF87028900DFB00FA9C81 /* Project object */;
}
